
Microsoft Visual Studio Solution File, Format Version 12.00
# Visual Studio Version 17
VisualStudioVersion = 17.6.33717.318
MinimumVisualStudioVersion = 10.0.40219.1
Project("{9A19103F-16F7-4668-BE54-9A1E7A4F7556}") = "DataAccess", "DataAccess\DataAccess.csproj", "{8AE0823E-F0AF-48E0-88C8-8BAD9B43B661}"
EndProject
Project("{9A19103F-16F7-4668-BE54-9A1E7A4F7556}") = "Repository", "Repository\Repository.csproj", "{D5E96E0E-1581-4945-A7BC-39CB19551E54}"
EndProject
Project("{9A19103F-16F7-4668-BE54-9A1E7A4F7556}") = "MinistoreAPI", "MinistoreAPI\MinistoreAPI.csproj", "{0EEE9A22-3288-4F09-BB01-6CF00A061D2D}"
EndProject
Project("{9A19103F-16F7-4668-BE54-9A1E7A4F7556}") = "MinistoreFE", "MinistoreFE\MinistoreFE.csproj", "{0010AF43-68D2-4B1B-82D2-F5D6A8E5EA71}"
EndProject
Global
	GlobalSection(SolutionConfigurationPlatforms) = preSolution
		Debug|Any CPU = Debug|Any CPU
		Release|Any CPU = Release|Any CPU
	EndGlobalSection
	GlobalSection(ProjectConfigurationPlatforms) = postSolution
		{8AE0823E-F0AF-48E0-88C8-8BAD9B43B661}.Debug|Any CPU.ActiveCfg = Debug|Any CPU
		{8AE0823E-F0AF-48E0-88C8-8BAD9B43B661}.Debug|Any CPU.Build.0 = Debug|Any CPU
		{8AE0823E-F0AF-48E0-88C8-8BAD9B43B661}.Release|Any CPU.ActiveCfg = Release|Any CPU
		{8AE0823E-F0AF-48E0-88C8-8BAD9B43B661}.Release|Any CPU.Build.0 = Release|Any CPU
		{D5E96E0E-1581-4945-A7BC-39CB19551E54}.Debug|Any CPU.ActiveCfg = Debug|Any CPU
		{D5E96E0E-1581-4945-A7BC-39CB19551E54}.Debug|Any CPU.Build.0 = Debug|Any CPU
		{D5E96E0E-1581-4945-A7BC-39CB19551E54}.Release|Any CPU.ActiveCfg = Release|Any CPU
		{D5E96E0E-1581-4945-A7BC-39CB19551E54}.Release|Any CPU.Build.0 = Release|Any CPU
		{0EEE9A22-3288-4F09-BB01-6CF00A061D2D}.Debug|Any CPU.ActiveCfg = Debug|Any CPU
		{0EEE9A22-3288-4F09-BB01-6CF00A061D2D}.Debug|Any CPU.Build.0 = Debug|Any CPU
		{0EEE9A22-3288-4F09-BB01-6CF00A061D2D}.Release|Any CPU.ActiveCfg = Release|Any CPU
		{0EEE9A22-3288-4F09-BB01-6CF00A061D2D}.Release|Any CPU.Build.0 = Release|Any CPU
		{0010AF43-68D2-4B1B-82D2-F5D6A8E5EA71}.Debug|Any CPU.ActiveCfg = Debug|Any CPU
		{0010AF43-68D2-4B1B-82D2-F5D6A8E5EA71}.Debug|Any CPU.Build.0 = Debug|Any CPU
		{0010AF43-68D2-4B1B-82D2-F5D6A8E5EA71}.Release|Any CPU.ActiveCfg = Release|Any CPU
		{0010AF43-68D2-4B1B-82D2-F5D6A8E5EA71}.Release|Any CPU.Build.0 = Release|Any CPU
	EndGlobalSection
	GlobalSection(SolutionProperties) = preSolution
		HideSolutionNode = FALSE
	EndGlobalSection
	GlobalSection(ExtensibilityGlobals) = postSolution
		SolutionGuid = {2BD13347-9EA2-4071-80E9-BA3018B92EE1}
	EndGlobalSection
EndGlobal
